// !$*UTF8*$!
{
	archiveVersion = 1;
	classes = {
	};
	objectVersion = 46;
	objects = {

/* Begin PBXBuildFile section */
		FB06BF151C9A9AC9002F4FE2 /* AppDelegate.swift in Sources */ = {isa = PBXBuildFile; fileRef = FB06BF141C9A9AC9002F4FE2 /* AppDelegate.swift */; };
		FB06BF171C9A9AC9002F4FE2 /* ViewController.swift in Sources */ = {isa = PBXBuildFile; fileRef = FB06BF161C9A9AC9002F4FE2 /* ViewController.swift */; };
		FB06BF1A1C9A9AC9002F4FE2 /* Main.storyboard in Resources */ = {isa = PBXBuildFile; fileRef = FB06BF181C9A9AC9002F4FE2 /* Main.storyboard */; };
		FB06BF1C1C9A9AC9002F4FE2 /* Assets.xcassets in Resources */ = {isa = PBXBuildFile; fileRef = FB06BF1B1C9A9AC9002F4FE2 /* Assets.xcassets */; };
		FB06BF1F1C9A9AC9002F4FE2 /* LaunchScreen.storyboard in Resources */ = {isa = PBXBuildFile; fileRef = FB06BF1D1C9A9AC9002F4FE2 /* LaunchScreen.storyboard */; };
/* End PBXBuildFile section */

/* Begin PBXFileReference section */
		FB06BF111C9A9AC9002F4FE2 /* Bingo_ver1.app */ = {isa = PBXFileReference; explicitFileType = wrapper.application; includeInIndex = 0; path = Bingo_ver1.app; sourceTree = BUILT_PRODUCTS_DIR; };
		FB06BF141C9A9AC9002F4FE2 /* AppDelegate.swift */ = {isa = PBXFileReference; lastKnownFileType = sourcecode.swift; path = AppDelegate.swift; sourceTree = "<group>"; };
		FB06BF161C9A9AC9002F4FE2 /* ViewController.swift */ = {isa = PBXFileReference; lastKnownFileType = sourcecode.swift; path = ViewController.swift; sourceTree = "<group>"; };
		FB06BF191C9A9AC9002F4FE2 /* Base */ = {isa = PBXFileReference; lastKnownFileType = file.storyboard; name = Base; path = Base.lproj/Main.storyboard; sourceTree = "<group>"; };
		FB06BF1B1C9A9AC9002F4FE2 /* Assets.xcassets */ = {isa = PBXFileReference; lastKnownFileType = folder.assetcatalog; path = Assets.xcassets; sourceTree = "<group>"; };
		FB06BF1E1C9A9AC9002F4FE2 /* Base */ = {isa = PBXFileReference; lastKnownFileType = file.storyboard; name = Base; path = Base.lproj/LaunchScreen.storyboard; sourceTree = "<group>"; };
		FB06BF201C9A9AC9002F4FE2 /* Info.plist */ = {isa = PBXFileReference; lastKnownFileType = text.plist.xml; path = Info.plist; sourceTree = "<group>"; };
/* End PBXFileReference section */

/* Begin PBXFrameworksBuildPhase section */
		FB06BF0E1C9A9AC9002F4FE2 /* Frameworks */ = {
			isa = PBXFrameworksBuildPhase;
			buildActionMask = 2147483647;
			files = (
			);
			runOnlyForDeploymentPostprocessing = 0;
		};
/* End PBXFrameworksBuildPhase section */

/* Begin PBXGroup section */
		FB06BF081C9A9AC9002F4FE2 = {
			isa = PBXGroup;
			children = (
				FB06BF131C9A9AC9002F4FE2 /* Bingo_ver1 */,
				FB06BF121C9A9AC9002F4FE2 /* Products */,
			);
			sourceTree = "<group>";
		};
		FB06BF121C9A9AC9002F4FE2 /* Products */ = {
			isa = PBXGroup;
			children = (
				FB06BF111C9A9AC9002F4FE2 /* Bingo_ver1.app */,
			);
			name = Products;
			sourceTree = "<group>";
		};
		FB06BF131C9A9AC9002F4FE2 /* Bingo_ver1 */ = {
			isa = PBXGroup;
			children = (
				FB06BF141C9A9AC9002F4FE2 /* AppDelegate.swift */,
				FB06BF161C9A9AC9002F4FE2 /* ViewController.swift */,
				FB06BF181C9A9AC9002F4FE2 /* Main.storyboard */,
				FB06BF1B1C9A9AC9002F4FE2 /* Assets.xcassets */,
				FB06BF1D1C9A9AC9002F4FE2 /* LaunchScreen.storyboard */,
				FB06BF201C9A9AC9002F4FE2 /* Info.plist */,
			);
			path = Bingo_ver1;
			sourceTree = "<group>";
		};
/* End PBXGroup section */

/* Begin PBXNativeTarget section */
		FB06BF101C9A9AC9002F4FE2 /* Bingo_ver1 */ = {
			isa = PBXNativeTarget;
			buildConfigurationList = FB06BF231C9A9AC9002F4FE2 /* Build configuration list for PBXNativeTarget "Bingo_ver1" */;
			buildPhases = (
				FB06BF0D1C9A9AC9002F4FE2 /* Sources */,
				FB06BF0E1C9A9AC9002F4FE2 /* Frameworks */,
				FB06BF0F1C9A9AC9002F4FE2 /* Resources */,
			);
			buildRules = (
			);
			dependencies = (
			);
			name = Bingo_ver1;
			productName = Bingo_ver1;
			productReference = FB06BF111C9A9AC9002F4FE2 /* Bingo_ver1.app */;
			productType = "com.apple.product-type.application";
		};
/* End PBXNativeTarget section */

/* Begin PBXProject section */
		FB06BF091C9A9AC9002F4FE2 /* Project object */ = {
			isa = PBXProject;
			attributes = {
				LastSwiftUpdateCheck = 0720;
				LastUpgradeCheck = 0720;
				ORGANIZATIONNAME = killerhi2001;
				TargetAttributes = {
					FB06BF101C9A9AC9002F4FE2 = {
						CreatedOnToolsVersion = 7.2;
					};
				};
			};
			buildConfigurationList = FB06BF0C1C9A9AC9002F4FE2 /* Build configuration list for PBXProject "Bingo_ver1" */;
			compatibilityVersion = "Xcode 3.2";
			developmentRegion = English;
			hasScannedForEncodings = 0;
			knownRegions = (
				en,
				Base,
			);
			mainGroup = FB06BF081C9A9AC9002F4FE2;
			productRefGroup = FB06BF121C9A9AC9002F4FE2 /* Products */;
			projectDirPath = "";
			projectRoot = "";
			targets = (
				FB06BF101C9A9AC9002F4FE2 /* Bingo_ver1 */,
			);
		};
/* End PBXProject section */

/* Begin PBXResourcesBuildPhase section */
		FB06BF0F1C9A9AC9002F4FE2 /* Resources */ = {
			isa = PBXResourcesBuildPhase;
			buildActionMask = 2147483647;
			files = (
				FB06BF1F1C9A9AC9002F4FE2 /* LaunchScreen.storyboard in Resources */,
				FB06BF1C1C9A9AC9002F4FE2 /* Assets.xcassets in Resources */,
				FB06BF1A1C9A9AC9002F4FE2 /* Main.storyboard in Resources */,
			);
			runOnlyForDeploymentPostprocessing = 0;
		};
/* End PBXResourcesBuildPhase section */

/* Begin PBXSourcesBuildPhase section */
		FB06BF0D1C9A9AC9002F4FE2 /* Sources */ = {
			isa = PBXSourcesBuildPhase;
			buildActionMask = 2147483647;
			files = (
				FB06BF171C9A9AC9002F4FE2 /* ViewController.swift in Sources */,
				FB06BF151C9A9AC9002F4FE2 /* AppDelegate.swift in Sources */,
			);
			runOnlyForDeploymentPostprocessing = 0;
		};
/* End PBXSourcesBuildPhase section */

/* Begin PBXVariantGroup section */
		FB06BF181C9A9AC9002F4FE2 /* Main.storyboard */ = {
			isa = PBXVariantGroup;
			children = (
				FB06BF191C9A9AC9002F4FE2 /* Base */,
			);
			name = Main.storyboard;
			sourceTree = "<group>";
		};
		FB06BF1D1C9A9AC9002F4FE2 /* LaunchScreen.storyboard */ = {
			isa = PBXVariantGroup;
			children = (
				FB06BF1E1C9A9AC9002F4FE2 /* Base */,
			);
			name = LaunchScreen.storyboard;
			sourceTree = "<group>";
		};
/* End PBXVariantGroup section */

/* Begin XCBuildConfiguration section */
		FB06BF211C9A9AC9002F4FE2 /* Debug */ = {
			isa = XCBuildConfiguration;
			buildSettings = {
				ALWAYS_SEARCH_USER_PATHS = NO;
				CLANG_CXX_LANGUAGE_STANDARD = "gnu++0x";
				CLANG_CXX_LIBRARY = "libc++";
				CLANG_ENABLE_MODULES = YES;
				CLANG_ENABLE_OBJC_ARC = YES;
				CLANG_WARN_BOOL_CONVERSION = YES;
				CLANG_WARN_CONSTANT_CONVERSION = YES;
				CLANG_WARN_DIRECT_OBJC_ISA_USAGE = YES_ERROR;
				CLANG_WARN_EMPTY_BODY = YES;
				CLANG_WARN_ENUM_CONVERSION = YES;
				CLANG_WARN_INT_CONVERSION = YES;
				CLANG_WARN_OBJC_ROOT_CLASS = YES_ERROR;
				CLANG_WARN_UNREACHABLE_CODE = YES;
				CLANG_WARN__DUPLICATE_METHOD_MATCH = YES;
				"CODE_SIGN_IDENTITY[sdk=iphoneos*]" = "iPhone Developer";
				COPY_PHASE_STRIP = NO;
				DEBUG_INFORMATION_FORMAT = dwarf;
				ENABLE_STRICT_OBJC_MSGSEND = YES;
				ENABLE_TESTABILITY = YES;
				GCC_C_LANGUAGE_STANDARD = gnu99;
				GCC_DYNAMIC_NO_PIC = NO;
				GCC_NO_COMMON_BLOCKS = YES;
				GCC_OPTIMIZATION_LEVEL = 0;
				GCC_PREPROCESSOR_DEFINITIONS = (
					"DEBUG=1",
					"$(inherited)",
				);
				GCC_WARN_64_TO_32_BIT_CONVERSION = YES;
				GCC_WARN_ABOUT_RETURN_TYPE = YES_ERROR;
				GCC_WARN_UNDECLARED_SELECTOR = YES;
				GCC_WARN_UNINITIALIZED_AUTOS = YES_AGGRESSIVE;
				GCC_WARN_UNUSED_FUNCTION = YES;
				GCC_WARN_UNUSED_VARIABLE = YES;
				IPHONEOS_DEPLOYMENT_TARGET = 9.2;
				MTL_ENABLE_DEBUG_INFO = YES;
				ONLY_ACTIVE_ARCH = YES;
				SDKROOT = iphoneos;
				SWIFT_OPTIMIZATION_LEVEL = "-Onone";
				TARGETED_DEVICE_FAMILY = "1,2";
			};
			name = Debug;
		};
		FB06BF221C9A9AC9002F4FE2 /* Release */ = {
			isa = XCBuildConfiguration;
			buildSettings = {
				ALWAYS_SEARCH_USER_PATHS = NO;
				CLANG_CXX_LANGUAGE_STANDARD = "gnu++0x";
				CLANG_CXX_LIBRARY = "libc++";
				CLANG_ENABLE_MODULES = YES;
				CLANG_ENABLE_OBJC_ARC = YES;
				CLANG_WARN_BOOL_CONVERSION = YES;
				CLANG_WARN_CONSTANT_CONVERSION = YES;
				CLANG_WARN_DIRECT_OBJC_ISA_USAGE = YES_ERROR;
				CLANG_WARN_EMPTY_BODY = YES;
				CLANG_WARN_ENUM_CONVERSION = YES;
				CLANG_WARN_INT_CONVERSION = YES;
				CLANG_WARN_OBJC_ROOT_CLASS = YES_ERROR;
				CLANG_WARN_UNREACHABLE_CODE = YES;
				CLANG_WARN__DUPLICATE_METHOD_MATCH = YES;
				"CODE_SIGN_IDENTITY[sdk=iphoneos*]" = "iPhone Developer";
				COPY_PHASE_STRIP = NO;
				DEBUG_INFORMATION_FORMAT = "dwarf-with-dsym";
				ENABLE_NS_ASSERTIONS = NO;
				ENABLE_STRICT_OBJC_MSGSEND = YES;
				GCC_C_LANGUAGE_STANDARD = gnu99;
				GCC_NO_COMMON_BLOCKS = YES;
				GCC_WARN_64_TO_32_BIT_CONVERSION = YES;
				GCC_WARN_ABOUT_RETURN_TYPE = YES_ERROR;
				GCC_WARN_UNDECLARED_SELECTOR = YES;
				GCC_WARN_UNINITIALIZED_AUTOS = YES_AGGRESSIVE;
				GCC_WARN_UNUSED_FUNCTION = YES;
				GCC_WARN_UNUSED_VARIABLE = YES;
				IPHONEOS_DEPLOYMENT_TARGET = 9.2;
				MTL_ENABLE_DEBUG_INFO = NO;
				SDKROOT = iphoneos;
				TARGETED_DEVICE_FAMILY = "1,2";
				VALIDATE_PRODUCT = YES;
			};
			name = Release;
		};
		FB06BF241C9A9AC9002F4FE2 /* Debug */ = {
			isa = XCBuildConfiguration;
			buildSettings = {
				ASSETCATALOG_COMPILER_APPICON_NAME = AppIcon;
				INFOPLIST_FILE = Bingo_ver1/Info.plist;
				LD_RUNPATH_SEARCH_PATHS = "$(inherited) @executable_path/Frameworks";
				PRODUCT_BUNDLE_IDENTIFIER = "ntustcsie.Bingo-ver1";
				PRODUCT_NAME = "$(TARGET_NAME)";
			};
			name = Debug;
		};
		FB06BF251C9A9AC9002F4FE2 /* Release */ = {
			isa = XCBuildConfiguration;
			buildSettings = {
				ASSETCATALOG_COMPILER_APPICON_NAME = AppIcon;
				INFOPLIST_FILE = Bingo_ver1/Info.plist;
				LD_RUNPATH_SEARCH_PATHS = "$(inherited) @executable_path/Frameworks";
				PRODUCT_BUNDLE_IDENTIFIER = "ntustcsie.Bingo-ver1";
				PRODUCT_NAME = "$(TARGET_NAME)";
			};
			name = Release;
		};
/* End XCBuildConfiguration section */

/* Begin XCConfigurationList section */
		FB06BF0C1C9A9AC9002F4FE2 /* Build configuration list for PBXProject "Bingo_ver1" */ = {
			isa = XCConfigurationList;
			buildConfigurations = (
				FB06BF211C9A9AC9002F4FE2 /* Debug */,
				FB06BF221C9A9AC9002F4FE2 /* Release */,
			);
			defaultConfigurationIsVisible = 0;
			defaultConfigurationName = Release;
		};
		FB06BF231C9A9AC9002F4FE2 /* Build configuration list for PBXNativeTarget "Bingo_ver1" */ = {
			isa = XCConfigurationList;
			buildConfigurations = (
				FB06BF241C9A9AC9002F4FE2 /* Debug */,
				FB06BF251C9A9AC9002F4FE2 /* Release */,
			);
			defaultConfigurationIsVisible = 0;
		};
/* End XCConfigurationList section */
	};
	rootObject = FB06BF091C9A9AC9002F4FE2 /* Project object */;
}
